// !$*UTF8*$!
{
	archiveVersion = 1;
	classes = {
	};
	objectVersion = 50;
	objects = {

/* Begin PBXBuildFile section */
		1B75447A26DBCA2700CB2F1E /* CardsMatchingApp.swift in Sources */ = {isa = PBXBuildFile; fileRef = 1B75447926DBCA2700CB2F1E /* CardsMatchingApp.swift */; };
		1B75447C26DBCA2700CB2F1E /* ContentView.swift in Sources */ = {isa = PBXBuildFile; fileRef = 1B75447B26DBCA2700CB2F1E /* ContentView.swift */; };
		1B75447E26DBCA2900CB2F1E /* Assets.xcassets in Resources */ = {isa = PBXBuildFile; fileRef = 1B75447D26DBCA2900CB2F1E /* Assets.xcassets */; };
		1B75448126DBCA2900CB2F1E /* Preview Assets.xcassets in Resources */ = {isa = PBXBuildFile; fileRef = 1B75448026DBCA2900CB2F1E /* Preview Assets.xcassets */; };
		1B75448A26DBCA4D00CB2F1E /* CardModel.swift in Sources */ = {isa = PBXBuildFile; fileRef = 1B75448926DBCA4D00CB2F1E /* CardModel.swift */; };
		1B75448D26DBCAB300CB2F1E /* ViewModel.swift in Sources */ = {isa = PBXBuildFile; fileRef = 1B75448C26DBCAB300CB2F1E /* ViewModel.swift */; };
		1B75449026DBD90C00CB2F1E /* View43.swift in Sources */ = {isa = PBXBuildFile; fileRef = 1B75448F26DBD90C00CB2F1E /* View43.swift */; };
		1B75449226DBD91300CB2F1E /* View44.swift in Sources */ = {isa = PBXBuildFile; fileRef = 1B75449126DBD91300CB2F1E /* View44.swift */; };
		1B75449526DBD97A00CB2F1E /* CardView.swift in Sources */ = {isa = PBXBuildFile; fileRef = 1B75449426DBD97A00CB2F1E /* CardView.swift */; };
		1B75449826DBDFFA00CB2F1E /* HapticManager.swift in Sources */ = {isa = PBXBuildFile; fileRef = 1B75449726DBDFFA00CB2F1E /* HapticManager.swift */; };
		1B75449B26DBE8ED00CB2F1E /* colorExtension.swift in Sources */ = {isa = PBXBuildFile; fileRef = 1B75449A26DBE8ED00CB2F1E /* colorExtension.swift */; };
/* End PBXBuildFile section */

/* Begin PBXFileReference section */
		1B75447626DBCA2700CB2F1E /* CardsMatching.app */ = {isa = PBXFileReference; explicitFileType = wrapper.application; includeInIndex = 0; path = CardsMatching.app; sourceTree = BUILT_PRODUCTS_DIR; };
		1B75447926DBCA2700CB2F1E /* CardsMatchingApp.swift */ = {isa = PBXFileReference; lastKnownFileType = sourcecode.swift; path = CardsMatchingApp.swift; sourceTree = "<group>"; };
		1B75447B26DBCA2700CB2F1E /* ContentView.swift */ = {isa = PBXFileReference; lastKnownFileType = sourcecode.swift; path = ContentView.swift; sourceTree = "<group>"; };
		1B75447D26DBCA2900CB2F1E /* Assets.xcassets */ = {isa = PBXFileReference; lastKnownFileType = folder.assetcatalog; path = Assets.xcassets; sourceTree = "<group>"; };
		1B75448026DBCA2900CB2F1E /* Preview Assets.xcassets */ = {isa = PBXFileReference; lastKnownFileType = folder.assetcatalog; path = "Preview Assets.xcassets"; sourceTree = "<group>"; };
		1B75448226DBCA2900CB2F1E /* Info.plist */ = {isa = PBXFileReference; lastKnownFileType = text.plist.xml; path = Info.plist; sourceTree = "<group>"; };
		1B75448926DBCA4D00CB2F1E /* CardModel.swift */ = {isa = PBXFileReference; lastKnownFileType = sourcecode.swift; path = CardModel.swift; sourceTree = "<group>"; };
		1B75448C26DBCAB300CB2F1E /* ViewModel.swift */ = {isa = PBXFileReference; lastKnownFileType = sourcecode.swift; path = ViewModel.swift; sourceTree = "<group>"; };
		1B75448F26DBD90C00CB2F1E /* View43.swift */ = {isa = PBXFileReference; lastKnownFileType = sourcecode.swift; path = View43.swift; sourceTree = "<group>"; };
		1B75449126DBD91300CB2F1E /* View44.swift */ = {isa = PBXFileReference; lastKnownFileType = sourcecode.swift; path = View44.swift; sourceTree = "<group>"; };
		1B75449426DBD97A00CB2F1E /* CardView.swift */ = {isa = PBXFileReference; lastKnownFileType = sourcecode.swift; path = CardView.swift; sourceTree = "<group>"; };
		1B75449726DBDFFA00CB2F1E /* HapticManager.swift */ = {isa = PBXFileReference; lastKnownFileType = sourcecode.swift; path = HapticManager.swift; sourceTree = "<group>"; };
		1B75449A26DBE8ED00CB2F1E /* colorExtension.swift */ = {isa = PBXFileReference; lastKnownFileType = sourcecode.swift; path = colorExtension.swift; sourceTree = "<group>"; };
/* End PBXFileReference section */

/* Begin PBXFrameworksBuildPhase section */
		1B75447326DBCA2700CB2F1E /* Frameworks */ = {
			isa = PBXFrameworksBuildPhase;
			buildActionMask = 2147483647;
			files = (
			);
			runOnlyForDeploymentPostprocessing = 0;
		};
/* End PBXFrameworksBuildPhase section */

/* Begin PBXGroup section */
		1B75446D26DBCA2700CB2F1E = {
			isa = PBXGroup;
			children = (
				1B75447826DBCA2700CB2F1E /* CardsMatching */,
				1B75447726DBCA2700CB2F1E /* Products */,
			);
			sourceTree = "<group>";
		};
		1B75447726DBCA2700CB2F1E /* Products */ = {
			isa = PBXGroup;
			children = (
				1B75447626DBCA2700CB2F1E /* CardsMatching.app */,
			);
			name = Products;
			sourceTree = "<group>";
		};
		1B75447826DBCA2700CB2F1E /* CardsMatching */ = {
			isa = PBXGroup;
			children = (
				1B75447926DBCA2700CB2F1E /* CardsMatchingApp.swift */,
				1B75449926DBE8E100CB2F1E /* extension */,
				1B75448826DBCA3900CB2F1E /* Model */,
				1B75448B26DBCAA200CB2F1E /* ViewModel */,
				1B75449626DBDFE600CB2F1E /* Utilities */,
				1B75448E26DBD8F700CB2F1E /* View */,
				1B75447D26DBCA2900CB2F1E /* Assets.xcassets */,
				1B75448226DBCA2900CB2F1E /* Info.plist */,
				1B75447F26DBCA2900CB2F1E /* Preview Content */,
			);
			path = CardsMatching;
			sourceTree = "<group>";
		};
		1B75447F26DBCA2900CB2F1E /* Preview Content */ = {
			isa = PBXGroup;
			children = (
				1B75448026DBCA2900CB2F1E /* Preview Assets.xcassets */,
			);
			path = "Preview Content";
			sourceTree = "<group>";
		};
		1B75448826DBCA3900CB2F1E /* Model */ = {
			isa = PBXGroup;
			children = (
				1B75448926DBCA4D00CB2F1E /* CardModel.swift */,
			);
			path = Model;
			sourceTree = "<group>";
		};
		1B75448B26DBCAA200CB2F1E /* ViewModel */ = {
			isa = PBXGroup;
			children = (
				1B75448C26DBCAB300CB2F1E /* ViewModel.swift */,
			);
			path = ViewModel;
			sourceTree = "<group>";
		};
		1B75448E26DBD8F700CB2F1E /* View */ = {
			isa = PBXGroup;
			children = (
				1B75447B26DBCA2700CB2F1E /* ContentView.swift */,
				1B75448F26DBD90C00CB2F1E /* View43.swift */,
				1B75449126DBD91300CB2F1E /* View44.swift */,
				1B75449326DBD96D00CB2F1E /* CardView */,
			);
			path = View;
			sourceTree = "<group>";
		};
		1B75449326DBD96D00CB2F1E /* CardView */ = {
			isa = PBXGroup;
			children = (
				1B75449426DBD97A00CB2F1E /* CardView.swift */,
			);
			path = CardView;
			sourceTree = "<group>";
		};
		1B75449626DBDFE600CB2F1E /* Utilities */ = {
			isa = PBXGroup;
			children = (
				1B75449726DBDFFA00CB2F1E /* HapticManager.swift */,
			);
			path = Utilities;
			sourceTree = "<group>";
		};
		1B75449926DBE8E100CB2F1E /* extension */ = {
			isa = PBXGroup;
			children = (
				1B75449A26DBE8ED00CB2F1E /* colorExtension.swift */,
			);
			path = extension;
			sourceTree = "<group>";
		};
/* End PBXGroup section */

/* Begin PBXNativeTarget section */
		1B75447526DBCA2700CB2F1E /* CardsMatching */ = {
			isa = PBXNativeTarget;
			buildConfigurationList = 1B75448526DBCA2900CB2F1E /* Build configuration list for PBXNativeTarget "CardsMatching" */;
			buildPhases = (
				1B75447226DBCA2700CB2F1E /* Sources */,
				1B75447326DBCA2700CB2F1E /* Frameworks */,
				1B75447426DBCA2700CB2F1E /* Resources */,
			);
			buildRules = (
			);
			dependencies = (
			);
			name = CardsMatching;
			productName = CardsMatching;
			productReference = 1B75447626DBCA2700CB2F1E /* CardsMatching.app */;
			productType = "com.apple.product-type.application";
		};
/* End PBXNativeTarget section */

/* Begin PBXProject section */
		1B75446E26DBCA2700CB2F1E /* Project object */ = {
			isa = PBXProject;
			attributes = {
				LastSwiftUpdateCheck = 1250;
				LastUpgradeCheck = 1250;
				TargetAttributes = {
					1B75447526DBCA2700CB2F1E = {
						CreatedOnToolsVersion = 12.5.1;
					};
				};
			};
			buildConfigurationList = 1B75447126DBCA2700CB2F1E /* Build configuration list for PBXProject "CardsMatching" */;
			compatibilityVersion = "Xcode 9.3";
			developmentRegion = en;
			hasScannedForEncodings = 0;
			knownRegions = (
				en,
				Base,
			);
			mainGroup = 1B75446D26DBCA2700CB2F1E;
			productRefGroup = 1B75447726DBCA2700CB2F1E /* Products */;
			projectDirPath = "";
			projectRoot = "";
			targets = (
				1B75447526DBCA2700CB2F1E /* CardsMatching */,
			);
		};
/* End PBXProject section */

/* Begin PBXResourcesBuildPhase section */
		1B75447426DBCA2700CB2F1E /* Resources */ = {
			isa = PBXResourcesBuildPhase;
			buildActionMask = 2147483647;
			files = (
				1B75448126DBCA2900CB2F1E /* Preview Assets.xcassets in Resources */,
				1B75447E26DBCA2900CB2F1E /* Assets.xcassets in Resources */,
			);
			runOnlyForDeploymentPostprocessing = 0;
		};
/* End PBXResourcesBuildPhase section */

/* Begin PBXSourcesBuildPhase section */
		1B75447226DBCA2700CB2F1E /* Sources */ = {
			isa = PBXSourcesBuildPhase;
			buildActionMask = 2147483647;
			files = (
				1B75449526DBD97A00CB2F1E /* CardView.swift in Sources */,
				1B75449226DBD91300CB2F1E /* View44.swift in Sources */,
				1B75449826DBDFFA00CB2F1E /* HapticManager.swift in Sources */,
				1B75449B26DBE8ED00CB2F1E /* colorExtension.swift in Sources */,
				1B75449026DBD90C00CB2F1E /* View43.swift in Sources */,
				1B75447C26DBCA2700CB2F1E /* ContentView.swift in Sources */,
				1B75447A26DBCA2700CB2F1E /* CardsMatchingApp.swift in Sources */,
				1B75448D26DBCAB300CB2F1E /* ViewModel.swift in Sources */,
				1B75448A26DBCA4D00CB2F1E /* CardModel.swift in Sources */,
			);
			runOnlyForDeploymentPostprocessing = 0;
		};
/* End PBXSourcesBuildPhase section */

/* Begin XCBuildConfiguration section */
		1B75448326DBCA2900CB2F1E /* Debug */ = {
			isa = XCBuildConfiguration;
			buildSettings = {
				ALWAYS_SEARCH_USER_PATHS = NO;
				CLANG_ANALYZER_NONNULL = YES;
				CLANG_ANALYZER_NUMBER_OBJECT_CONVERSION = YES_AGGRESSIVE;
				CLANG_CXX_LANGUAGE_STANDARD = "gnu++14";
				CLANG_CXX_LIBRARY = "libc++";
				CLANG_ENABLE_MODULES = YES;
				CLANG_ENABLE_OBJC_ARC = YES;
				CLANG_ENABLE_OBJC_WEAK = YES;
				CLANG_WARN_BLOCK_CAPTURE_AUTORELEASING = YES;
				CLANG_WARN_BOOL_CONVERSION = YES;
				CLANG_WARN_COMMA = YES;
				CLANG_WARN_CONSTANT_CONVERSION = YES;
				CLANG_WARN_DEPRECATED_OBJC_IMPLEMENTATIONS = YES;
				CLANG_WARN_DIRECT_OBJC_ISA_USAGE = YES_ERROR;
				CLANG_WARN_DOCUMENTATION_COMMENTS = YES;
				CLANG_WARN_EMPTY_BODY = YES;
				CLANG_WARN_ENUM_CONVERSION = YES;
				CLANG_WARN_INFINITE_RECURSION = YES;
				CLANG_WARN_INT_CONVERSION = YES;
				CLANG_WARN_NON_LITERAL_NULL_CONVERSION = YES;
				CLANG_WARN_OBJC_IMPLICIT_RETAIN_SELF = YES;
				CLANG_WARN_OBJC_LITERAL_CONVERSION = YES;
				CLANG_WARN_OBJC_ROOT_CLASS = YES_ERROR;
				CLANG_WARN_QUOTED_INCLUDE_IN_FRAMEWORK_HEADER = YES;
				CLANG_WARN_RANGE_LOOP_ANALYSIS = YES;
				CLANG_WARN_STRICT_PROTOTYPES = YES;
				CLANG_WARN_SUSPICIOUS_MOVE = YES;
				CLANG_WARN_UNGUARDED_AVAILABILITY = YES_AGGRESSIVE;
				CLANG_WARN_UNREACHABLE_CODE = YES;
				CLANG_WARN__DUPLICATE_METHOD_MATCH = YES;
				COPY_PHASE_STRIP = NO;
				DEBUG_INFORMATION_FORMAT = dwarf;
				ENABLE_STRICT_OBJC_MSGSEND = YES;
				ENABLE_TESTABILITY = YES;
				GCC_C_LANGUAGE_STANDARD = gnu11;
				GCC_DYNAMIC_NO_PIC = NO;
				GCC_NO_COMMON_BLOCKS = YES;
				GCC_OPTIMIZATION_LEVEL = 0;
				GCC_PREPROCESSOR_DEFINITIONS = (
					"DEBUG=1",
					"$(inherited)",
				);
				GCC_WARN_64_TO_32_BIT_CONVERSION = YES;
				GCC_WARN_ABOUT_RETURN_TYPE = YES_ERROR;
				GCC_WARN_UNDECLARED_SELECTOR = YES;
				GCC_WARN_UNINITIALIZED_AUTOS = YES_AGGRESSIVE;
				GCC_WARN_UNUSED_FUNCTION = YES;
				GCC_WARN_UNUSED_VARIABLE = YES;
				IPHONEOS_DEPLOYMENT_TARGET = 14.5;
				MTL_ENABLE_DEBUG_INFO = INCLUDE_SOURCE;
				MTL_FAST_MATH = YES;
				ONLY_ACTIVE_ARCH = YES;
				SDKROOT = iphoneos;
				SWIFT_ACTIVE_COMPILATION_CONDITIONS = DEBUG;
				SWIFT_OPTIMIZATION_LEVEL = "-Onone";
			};
			name = Debug;
		};
		1B75448426DBCA2900CB2F1E /* Release */ = {
			isa = XCBuildConfiguration;
			buildSettings = {
				ALWAYS_SEARCH_USER_PATHS = NO;
				CLANG_ANALYZER_NONNULL = YES;
				CLANG_ANALYZER_NUMBER_OBJECT_CONVERSION = YES_AGGRESSIVE;
				CLANG_CXX_LANGUAGE_STANDARD = "gnu++14";
				CLANG_CXX_LIBRARY = "libc++";
				CLANG_ENABLE_MODULES = YES;
				CLANG_ENABLE_OBJC_ARC = YES;
				CLANG_ENABLE_OBJC_WEAK = YES;
				CLANG_WARN_BLOCK_CAPTURE_AUTORELEASING = YES;
				CLANG_WARN_BOOL_CONVERSION = YES;
				CLANG_WARN_COMMA = YES;
				CLANG_WARN_CONSTANT_CONVERSION = YES;
				CLANG_WARN_DEPRECATED_OBJC_IMPLEMENTATIONS = YES;
				CLANG_WARN_DIRECT_OBJC_ISA_USAGE = YES_ERROR;
				CLANG_WARN_DOCUMENTATION_COMMENTS = YES;
				CLANG_WARN_EMPTY_BODY = YES;
				CLANG_WARN_ENUM_CONVERSION = YES;
				CLANG_WARN_INFINITE_RECURSION = YES;
				CLANG_WARN_INT_CONVERSION = YES;
				CLANG_WARN_NON_LITERAL_NULL_CONVERSION = YES;
				CLANG_WARN_OBJC_IMPLICIT_RETAIN_SELF = YES;
				CLANG_WARN_OBJC_LITERAL_CONVERSION = YES;
				CLANG_WARN_OBJC_ROOT_CLASS = YES_ERROR;
				CLANG_WARN_QUOTED_INCLUDE_IN_FRAMEWORK_HEADER = YES;
				CLANG_WARN_RANGE_LOOP_ANALYSIS = YES;
				CLANG_WARN_STRICT_PROTOTYPES = YES;
				CLANG_WARN_SUSPICIOUS_MOVE = YES;
				CLANG_WARN_UNGUARDED_AVAILABILITY = YES_AGGRESSIVE;
				CLANG_WARN_UNREACHABLE_CODE = YES;
				CLANG_WARN__DUPLICATE_METHOD_MATCH = YES;
				COPY_PHASE_STRIP = NO;
				DEBUG_INFORMATION_FORMAT = "dwarf-with-dsym";
				ENABLE_NS_ASSERTIONS = NO;
				ENABLE_STRICT_OBJC_MSGSEND = YES;
				GCC_C_LANGUAGE_STANDARD = gnu11;
				GCC_NO_COMMON_BLOCKS = YES;
				GCC_WARN_64_TO_32_BIT_CONVERSION = YES;
				GCC_WARN_ABOUT_RETURN_TYPE = YES_ERROR;
				GCC_WARN_UNDECLARED_SELECTOR = YES;
				GCC_WARN_UNINITIALIZED_AUTOS = YES_AGGRESSIVE;
				GCC_WARN_UNUSED_FUNCTION = YES;
				GCC_WARN_UNUSED_VARIABLE = YES;
				IPHONEOS_DEPLOYMENT_TARGET = 14.5;
				MTL_ENABLE_DEBUG_INFO = NO;
				MTL_FAST_MATH = YES;
				SDKROOT = iphoneos;
				SWIFT_COMPILATION_MODE = wholemodule;
				SWIFT_OPTIMIZATION_LEVEL = "-O";
				VALIDATE_PRODUCT = YES;
			};
			name = Release;
		};
		1B75448626DBCA2900CB2F1E /* Debug */ = {
			isa = XCBuildConfiguration;
			buildSettings = {
				ASSETCATALOG_COMPILER_APPICON_NAME = AppIcon;
				ASSETCATALOG_COMPILER_GLOBAL_ACCENT_COLOR_NAME = AccentColor;
				CODE_SIGN_STYLE = Automatic;
				DEVELOPMENT_ASSET_PATHS = "\"CardsMatching/Preview Content\"";
				DEVELOPMENT_TEAM = A35YRM969X;
				ENABLE_PREVIEWS = YES;
				INFOPLIST_FILE = CardsMatching/Info.plist;
				IPHONEOS_DEPLOYMENT_TARGET = 14.0;
				LD_RUNPATH_SEARCH_PATHS = (
					"$(inherited)",
					"@executable_path/Frameworks",
				);
				PRODUCT_BUNDLE_IDENTIFIER = CardsMatching.CardsMatching;
				PRODUCT_NAME = "$(TARGET_NAME)";
				SWIFT_VERSION = 5.0;
				TARGETED_DEVICE_FAMILY = "1,2";
			};
			name = Debug;
		};
		1B75448726DBCA2900CB2F1E /* Release */ = {
			isa = XCBuildConfiguration;
			buildSettings = {
				ASSETCATALOG_COMPILER_APPICON_NAME = AppIcon;
				ASSETCATALOG_COMPILER_GLOBAL_ACCENT_COLOR_NAME = AccentColor;
				CODE_SIGN_STYLE = Automatic;
				DEVELOPMENT_ASSET_PATHS = "\"CardsMatching/Preview Content\"";
				DEVELOPMENT_TEAM = A35YRM969X;
				ENABLE_PREVIEWS = YES;
				INFOPLIST_FILE = CardsMatching/Info.plist;
				IPHONEOS_DEPLOYMENT_TARGET = 14.0;
				LD_RUNPATH_SEARCH_PATHS = (
					"$(inherited)",
					"@executable_path/Frameworks",
				);
				PRODUCT_BUNDLE_IDENTIFIER = CardsMatching.CardsMatching;
				PRODUCT_NAME = "$(TARGET_NAME)";
				SWIFT_VERSION = 5.0;
				TARGETED_DEVICE_FAMILY = "1,2";
			};
			name = Release;
		};
/* End XCBuildConfiguration section */

/* Begin XCConfigurationList section */
		1B75447126DBCA2700CB2F1E /* Build configuration list for PBXProject "CardsMatching" */ = {
			isa = XCConfigurationList;
			buildConfigurations = (
				1B75448326DBCA2900CB2F1E /* Debug */,
				1B75448426DBCA2900CB2F1E /* Release */,
			);
			defaultConfigurationIsVisible = 0;
			defaultConfigurationName = Release;
		};
		1B75448526DBCA2900CB2F1E /* Build configuration list for PBXNativeTarget "CardsMatching" */ = {
			isa = XCConfigurationList;
			buildConfigurations = (
				1B75448626DBCA2900CB2F1E /* Debug */,
				1B75448726DBCA2900CB2F1E /* Release */,
			);
			defaultConfigurationIsVisible = 0;
			defaultConfigurationName = Release;
		};
/* End XCConfigurationList section */
	};
	rootObject = 1B75446E26DBCA2700CB2F1E /* Project object */;
}
